{
  "name": "forgestack",
  "version": "1.0.0",
  "lockfileVersion": 3,
  "requires": true,
  "packages": {
    "": {
      "name": "forgestack",
      "version": "1.0.0",
      "license": "MIT",
      "dependencies": {
        "ml-distance": "^5.0.0"
      },
      "engines": {
        "node": ">=20"
      }
    },
    "node_modules/binary-search": {
      "version": "1.3.6",
      "resolved": "https://registry.npmjs.org/binary-search/-/binary-search-1.3.6.tgz",
      "integrity": "sha512-nbE1WxOTTrUWIfsfZ4aHGYu5DOuNkbxGokjV6Z2kxfJK3uaAb8zNK1muzOeipoLHZjInT4Br88BHpzevc681xA==",
      "license": "CC0-1.0"
    },
    "node_modules/cheminfo-types": {
      "version": "1.16.0",
      "resolved": "https://registry.npmjs.org/cheminfo-types/-/cheminfo-types-1.16.0.tgz",
      "integrity": "sha512-j0MiXFnLRVEZg3vUr7SXm6F3HuDNVE5arfQyDMiy1w2fAcuOs3QRgVsw7aOIACvr0aqbvn85cucwt+yOu64IiQ==",
      "license": "MIT"
    },
    "node_modules/ml-distance": {
      "version": "5.0.0",
      "resolved": "https://registry.npmjs.org/ml-distance/-/ml-distance-5.0.0.tgz",
      "integrity": "sha512-wCGhmaLw9Tb0OgrKMZF3mjUzVKA2qCyC2GtLkOXhJZxHl9QQJWaQxruspg+56CTd0kytNXIeo6RAecp3OoY5ow==",
      "license": "MIT",
      "dependencies": {
        "cheminfo-types": "^1.15.0",
        "ml-distance-euclidean": "^3.0.1",
        "ml-tree-similarity": "^1.0.0"
      }
    },
    "node_modules/ml-distance-euclidean": {
      "version": "3.0.1",
      "resolved": "https://registry.npmjs.org/ml-distance-euclidean/-/ml-distance-euclidean-3.0.1.tgz",
      "integrity": "sha512-jEEu/1a73ArPmIiwOzrcah6TfhtV19dCKnnM7JvdR2xTzyVJFGgIIR78Vg8Pl9z2NVeSRoFOpzc0910sPMINsA==",
      "license": "MIT"
    },
    "node_modules/ml-tree-similarity": {
      "version": "1.0.0",
      "resolved": "https://registry.npmjs.org/ml-tree-similarity/-/ml-tree-similarity-1.0.0.tgz",
      "integrity": "sha512-XJUyYqjSuUQkNQHMscr6tcjldsOoAekxADTplt40QKfwW6nd++1wHWV9AArl0Zvw/TIHgNaZZNvr8QGvE8wLRg==",
      "license": "MIT",
      "dependencies": {
        "binary-search": "^1.3.5",
        "num-sort": "^2.0.0"
      }
    },
    "node_modules/num-sort": {
      "version": "2.1.0",
      "resolved": "https://registry.npmjs.org/num-sort/-/num-sort-2.1.0.tgz",
      "integrity": "sha512-1MQz1Ed8z2yckoBeSfkQHHO9K1yDRxxtotKSJ9yvcTUUxSvfvzEq5GwBrjjHEpMlq/k5gvXdmJ1SbYxWtpNoVg==",
      "license": "MIT",
      "engines": {
        "node": ">=8"
      },
      "funding": {
        "url": "https://github.com/sponsors/sindresorhus"
      }
    }
  }
}
